
Microsoft Visual Studio Solution File, Format Version 12.00
# Visual Studio Version 16
VisualStudioVersion = 16.0.31019.35
MinimumVisualStudioVersion = 10.0.40219.1
Project("{9A19103F-16F7-4668-BE54-9A1E7A4F7556}") = "DoeLuz", "DoeLuz\DoeLuz.csproj", "{BDF4C201-1DAC-42CD-A880-814C84566730}"
EndProject
Global
	GlobalSection(SolutionConfigurationPlatforms) = preSolution
		Debug|Any CPU = Debug|Any CPU
		Release|Any CPU = Release|Any CPU
	EndGlobalSection
	GlobalSection(ProjectConfigurationPlatforms) = postSolution
		{BDF4C201-1DAC-42CD-A880-814C84566730}.Debug|Any CPU.ActiveCfg = Debug|Any CPU
		{BDF4C201-1DAC-42CD-A880-814C84566730}.Debug|Any CPU.Build.0 = Debug|Any CPU
		{BDF4C201-1DAC-42CD-A880-814C84566730}.Release|Any CPU.ActiveCfg = Release|Any CPU
		{BDF4C201-1DAC-42CD-A880-814C84566730}.Release|Any CPU.Build.0 = Release|Any CPU
	EndGlobalSection
	GlobalSection(SolutionProperties) = preSolution
		HideSolutionNode = FALSE
	EndGlobalSection
	GlobalSection(ExtensibilityGlobals) = postSolution
		SolutionGuid = {66B29316-821C-4799-BC09-C11A5196A72B}
	EndGlobalSection
EndGlobal
